{
    "_readme": [
        "This file locks the dependencies of your project to a known state",
        "Read more about it at https://getcomposer.org/doc/01-basic-usage.md#composer-lock-the-lock-file",
        "This file is @generated automatically"
    ],
    "hash": "3802f9653194e869d1bc7b8f098ab104",
    "content-hash": "728fbd2153cb6ea7902f6dc1621e5c92",
    "packages": [
        {
            "name": "afragen/github-updater-language-pack-maker",
            "version": "1.2.0",
            "source": {
                "type": "git",
                "url": "https://github.com/afragen/github-updater-language-pack-maker.git",
                "reference": "2dc2c9e3acce9666cd3da9ce543168bb7e73817c"
            },
            "dist": {
                "type": "zip",
                "url": "https://api.github.com/repos/afragen/github-updater-language-pack-maker/zipball/2dc2c9e3acce9666cd3da9ce543168bb7e73817c",
                "reference": "2dc2c9e3acce9666cd3da9ce543168bb7e73817c",
                "shasum": ""
            },
            "require": {
                "php": ">=5.3"
            },
            "type": "library",
            "autoload": {
                "psr-4": {
                    "Fragen\\GitHub_Updater\\": "/"
                }
            },
            "notification-url": "https://packagist.org/downloads/",
            "license": [
                "MIT"
            ],
            "authors": [
                {
                    "name": "Andy Fragen",
                    "email": "andy@thefragens.com",
                    "homepage": "http://thefragens.com",
                    "role": "Developer"
                }
            ],
            "description": "Library that helps create git sourced WordPress Language Packs",
            "time": "2016-09-19 19:48:58"
        }
    ],
    "packages-dev": [],
    "aliases": [],
    "minimum-stability": "stable",
    "stability-flags": [],
    "prefer-stable": false,
    "prefer-lowest": false,
    "platform": [],
    "platform-dev": []
}
