{
    "_readme": [
        "This file locks the dependencies of your project to a known state",
        "Read more about it at https://getcomposer.org/doc/01-basic-usage.md#composer-lock-the-lock-file",
        "This file is @generated automatically"
    ],
    "content-hash": "b3304d9b3e384595dc8c892b21556d92",
    "packages": [
        {
            "name": "afragen/language-pack-maker",
            "version": "1.5.0",
            "source": {
                "type": "git",
                "url": "https://github.com/afragen/language-pack-maker.git",
                "reference": "15d18461786688b875977183b0c1995413dace7e"
            },
            "dist": {
                "type": "zip",
                "url": "https://api.github.com/repos/afragen/language-pack-maker/zipball/15d18461786688b875977183b0c1995413dace7e",
                "reference": "15d18461786688b875977183b0c1995413dace7e",
                "shasum": ""
            },
            "require": {
                "php": ">=5.3"
            },
            "type": "library",
            "notification-url": "https://packagist.org/downloads/",
            "license": [
                "MIT"
            ],
            "authors": [
                {
                    "name": "Andy Fragen",
                    "email": "andy@thefragens.com",
                    "homepage": "https://thefragens.com",
                    "role": "Developer"
                }
            ],
            "description": "Library that helps create git sourced WordPress Language Packs",
            "time": "2017-12-09T05:33:42+00:00"
        }
    ],
    "packages-dev": [],
    "aliases": [],
    "minimum-stability": "stable",
    "stability-flags": [],
    "prefer-stable": false,
    "prefer-lowest": false,
    "platform": [],
    "platform-dev": []
}
